
Microsoft Visual Studio Solution File, Format Version 12.00
# Visual Studio Version 16
VisualStudioVersion = 16.0.29728.190
MinimumVisualStudioVersion = 10.0.40219.1
Project("{FAE04EC0-301F-11D3-BF4B-00C04F79EFBC}") = "WindowsFormsAppSQL", "WindowsFormsAppSQL\WindowsFormsAppSQL.csproj", "{1F8293C4-74EA-44D8-98B4-2747DB218D53}"
EndProject
Global
	GlobalSection(SolutionConfigurationPlatforms) = preSolution
		Debug|Any CPU = Debug|Any CPU
		Release|Any CPU = Release|Any CPU
	EndGlobalSection
	GlobalSection(ProjectConfigurationPlatforms) = postSolution
		{1F8293C4-74EA-44D8-98B4-2747DB218D53}.Debug|Any CPU.ActiveCfg = Debug|Any CPU
		{1F8293C4-74EA-44D8-98B4-2747DB218D53}.Debug|Any CPU.Build.0 = Debug|Any CPU
		{1F8293C4-74EA-44D8-98B4-2747DB218D53}.Release|Any CPU.ActiveCfg = Release|Any CPU
		{1F8293C4-74EA-44D8-98B4-2747DB218D53}.Release|Any CPU.Build.0 = Release|Any CPU
	EndGlobalSection
	GlobalSection(SolutionProperties) = preSolution
		HideSolutionNode = FALSE
	EndGlobalSection
	GlobalSection(ExtensibilityGlobals) = postSolution
		SolutionGuid = {56BEA655-DD23-432F-B567-0FE74A83954F}
	EndGlobalSection
EndGlobal
